
Microsoft Visual Studio Solution File, Format Version 12.00
# Visual Studio Version 16
VisualStudioVersion = 16.0.31624.102
MinimumVisualStudioVersion = 10.0.40219.1
Project("{9A19103F-16F7-4668-BE54-9A1E7A4F7556}") = "ADO.NetExamples", "ADO.NetExamples\ADO.NetExamples.csproj", "{71428256-FBCC-49E1-875C-29D14375C580}"
EndProject
Project("{FAE04EC0-301F-11D3-BF4B-00C04F79EFBC}") = "EntityFramwork", "EntityFramwork\EntityFramwork.csproj", "{7106FB2F-B497-46BA-99AD-720742207702}"
EndProject
Global
	GlobalSection(SolutionConfigurationPlatforms) = preSolution
		Debug|Any CPU = Debug|Any CPU
		Release|Any CPU = Release|Any CPU
	EndGlobalSection
	GlobalSection(ProjectConfigurationPlatforms) = postSolution
		{71428256-FBCC-49E1-875C-29D14375C580}.Debug|Any CPU.ActiveCfg = Debug|Any CPU
		{71428256-FBCC-49E1-875C-29D14375C580}.Debug|Any CPU.Build.0 = Debug|Any CPU
		{71428256-FBCC-49E1-875C-29D14375C580}.Release|Any CPU.ActiveCfg = Release|Any CPU
		{71428256-FBCC-49E1-875C-29D14375C580}.Release|Any CPU.Build.0 = Release|Any CPU
		{7106FB2F-B497-46BA-99AD-720742207702}.Debug|Any CPU.ActiveCfg = Debug|Any CPU
		{7106FB2F-B497-46BA-99AD-720742207702}.Debug|Any CPU.Build.0 = Debug|Any CPU
		{7106FB2F-B497-46BA-99AD-720742207702}.Release|Any CPU.ActiveCfg = Release|Any CPU
		{7106FB2F-B497-46BA-99AD-720742207702}.Release|Any CPU.Build.0 = Release|Any CPU
	EndGlobalSection
	GlobalSection(SolutionProperties) = preSolution
		HideSolutionNode = FALSE
	EndGlobalSection
	GlobalSection(ExtensibilityGlobals) = postSolution
		SolutionGuid = {515440A9-06C3-454E-8971-2B537D6BD4A5}
	EndGlobalSection
EndGlobal
